
Microsoft Visual Studio Solution File, Format Version 12.00
# Visual Studio Version 17
VisualStudioVersion = 17.7.34202.233
MinimumVisualStudioVersion = 10.0.40219.1
Project("{FAE04EC0-301F-11D3-BF4B-00C04F79EFBC}") = "EntityGuardian", "EntityGuardian.csproj", "{FC2C3C5D-9F0E-4409-BE00-8C70AFE996E8}"
EndProject
Global
	GlobalSection(SolutionConfigurationPlatforms) = preSolution
		Debug|Any CPU = Debug|Any CPU
		Release|Any CPU = Release|Any CPU
	EndGlobalSection
	GlobalSection(ProjectConfigurationPlatforms) = postSolution
		{FC2C3C5D-9F0E-4409-BE00-8C70AFE996E8}.Debug|Any CPU.ActiveCfg = Debug|Any CPU
		{FC2C3C5D-9F0E-4409-BE00-8C70AFE996E8}.Debug|Any CPU.Build.0 = Debug|Any CPU
		{FC2C3C5D-9F0E-4409-BE00-8C70AFE996E8}.Release|Any CPU.ActiveCfg = Release|Any CPU
		{FC2C3C5D-9F0E-4409-BE00-8C70AFE996E8}.Release|Any CPU.Build.0 = Release|Any CPU
	EndGlobalSection
	GlobalSection(SolutionProperties) = preSolution
		HideSolutionNode = FALSE
	EndGlobalSection
	GlobalSection(ExtensibilityGlobals) = postSolution
		SolutionGuid = {D6C39A30-A59A-43E0-819E-7380CC5ECA1F}
	EndGlobalSection
EndGlobal
